
Microsoft Visual Studio Solution File, Format Version 12.00
# Visual Studio Version 17
VisualStudioVersion = 17.7.34024.191
MinimumVisualStudioVersion = 10.0.40219.1
Project("{FAE04EC0-301F-11D3-BF4B-00C04F79EFBC}") = "Individuellt projekt SUT23", "Individuellt projekt SUT23\Individuellt projekt SUT23.csproj", "{C6225ACA-005D-4AFB-954A-944F15E10D4C}"
EndProject
Global
	GlobalSection(SolutionConfigurationPlatforms) = preSolution
		Debug|Any CPU = Debug|Any CPU
		Release|Any CPU = Release|Any CPU
	EndGlobalSection
	GlobalSection(ProjectConfigurationPlatforms) = postSolution
		{C6225ACA-005D-4AFB-954A-944F15E10D4C}.Debug|Any CPU.ActiveCfg = Debug|Any CPU
		{C6225ACA-005D-4AFB-954A-944F15E10D4C}.Debug|Any CPU.Build.0 = Debug|Any CPU
		{C6225ACA-005D-4AFB-954A-944F15E10D4C}.Release|Any CPU.ActiveCfg = Release|Any CPU
		{C6225ACA-005D-4AFB-954A-944F15E10D4C}.Release|Any CPU.Build.0 = Release|Any CPU
	EndGlobalSection
	GlobalSection(SolutionProperties) = preSolution
		HideSolutionNode = FALSE
	EndGlobalSection
	GlobalSection(ExtensibilityGlobals) = postSolution
		SolutionGuid = {19FFA242-1497-4646-962C-62FA4D654BA8}
	EndGlobalSection
EndGlobal
